// !$*UTF8*$!
{
	archiveVersion = 1;
	classes = {
	};
	objectVersion = 50;
	objects = {

/* Begin PBXBuildFile section */
		49AAFD1C239143E000082114 /* SwipeView.swift in Sources */ = {isa = PBXBuildFile; fileRef = 49AAFD1B239143E000082114 /* SwipeView.swift */; };
		49AAFD2423914AA900082114 /* Classroom_TouchTests.swift in Sources */ = {isa = PBXBuildFile; fileRef = 49AAFD2323914AA900082114 /* Classroom_TouchTests.swift */; };
		49F3C8A82386D5700095BC6F /* AppDelegate.swift in Sources */ = {isa = PBXBuildFile; fileRef = 49F3C8A72386D5700095BC6F /* AppDelegate.swift */; };
		49F3C8AA2386D5700095BC6F /* ViewController.swift in Sources */ = {isa = PBXBuildFile; fileRef = 49F3C8A92386D5700095BC6F /* ViewController.swift */; };
		49F3C8AC2386D5710095BC6F /* Assets.xcassets in Resources */ = {isa = PBXBuildFile; fileRef = 49F3C8AB2386D5710095BC6F /* Assets.xcassets */; };
		49F3C8AF2386D5710095BC6F /* Main.storyboard in Resources */ = {isa = PBXBuildFile; fileRef = 49F3C8AD2386D5710095BC6F /* Main.storyboard */; };
		49F3C8B82386D96F0095BC6F /* WindowController.swift in Sources */ = {isa = PBXBuildFile; fileRef = 49F3C8B72386D96F0095BC6F /* WindowController.swift */; };
/* End PBXBuildFile section */

/* Begin PBXContainerItemProxy section */
		49AAFD2623914AA900082114 /* PBXContainerItemProxy */ = {
			isa = PBXContainerItemProxy;
			containerPortal = 49F3C89C2386D5700095BC6F /* Project object */;
			proxyType = 1;
			remoteGlobalIDString = 49F3C8A32386D5700095BC6F;
			remoteInfo = "Classroom Touch";
		};
/* End PBXContainerItemProxy section */

/* Begin PBXFileReference section */
		49AAFD1B239143E000082114 /* SwipeView.swift */ = {isa = PBXFileReference; lastKnownFileType = sourcecode.swift; path = SwipeView.swift; sourceTree = "<group>"; };
		49AAFD2123914AA900082114 /* Classroom TouchTests.xctest */ = {isa = PBXFileReference; explicitFileType = wrapper.cfbundle; includeInIndex = 0; path = "Classroom TouchTests.xctest"; sourceTree = BUILT_PRODUCTS_DIR; };
		49AAFD2323914AA900082114 /* Classroom_TouchTests.swift */ = {isa = PBXFileReference; lastKnownFileType = sourcecode.swift; path = Classroom_TouchTests.swift; sourceTree = "<group>"; };
		49AAFD2523914AA900082114 /* Info.plist */ = {isa = PBXFileReference; lastKnownFileType = text.plist.xml; path = Info.plist; sourceTree = "<group>"; };
		49F3C8A42386D5700095BC6F /* Classroom Touch.app */ = {isa = PBXFileReference; explicitFileType = wrapper.application; includeInIndex = 0; path = "Classroom Touch.app"; sourceTree = BUILT_PRODUCTS_DIR; };
		49F3C8A72386D5700095BC6F /* AppDelegate.swift */ = {isa = PBXFileReference; lastKnownFileType = sourcecode.swift; path = AppDelegate.swift; sourceTree = "<group>"; };
		49F3C8A92386D5700095BC6F /* ViewController.swift */ = {isa = PBXFileReference; lastKnownFileType = sourcecode.swift; path = ViewController.swift; sourceTree = "<group>"; };
		49F3C8AB2386D5710095BC6F /* Assets.xcassets */ = {isa = PBXFileReference; lastKnownFileType = folder.assetcatalog; path = Assets.xcassets; sourceTree = "<group>"; };
		49F3C8AE2386D5710095BC6F /* Base */ = {isa = PBXFileReference; lastKnownFileType = file.storyboard; name = Base; path = Base.lproj/Main.storyboard; sourceTree = "<group>"; };
		49F3C8B02386D5710095BC6F /* Info.plist */ = {isa = PBXFileReference; lastKnownFileType = text.plist.xml; path = Info.plist; sourceTree = "<group>"; };
		49F3C8B12386D5710095BC6F /* Classroom_Touch.entitlements */ = {isa = PBXFileReference; lastKnownFileType = text.plist.entitlements; path = Classroom_Touch.entitlements; sourceTree = "<group>"; };
		49F3C8B72386D96F0095BC6F /* WindowController.swift */ = {isa = PBXFileReference; lastKnownFileType = sourcecode.swift; path = WindowController.swift; sourceTree = "<group>"; };
/* End PBXFileReference section */

/* Begin PBXFrameworksBuildPhase section */
		49AAFD1E23914AA900082114 /* Frameworks */ = {
			isa = PBXFrameworksBuildPhase;
			buildActionMask = 2147483647;
			files = (
			);
			runOnlyForDeploymentPostprocessing = 0;
		};
		49F3C8A12386D5700095BC6F /* Frameworks */ = {
			isa = PBXFrameworksBuildPhase;
			buildActionMask = 2147483647;
			files = (
			);
			runOnlyForDeploymentPostprocessing = 0;
		};
/* End PBXFrameworksBuildPhase section */

/* Begin PBXGroup section */
		49AAFD2223914AA900082114 /* Classroom TouchTests */ = {
			isa = PBXGroup;
			children = (
				49AAFD2323914AA900082114 /* Classroom_TouchTests.swift */,
				49AAFD2523914AA900082114 /* Info.plist */,
			);
			path = "Classroom TouchTests";
			sourceTree = "<group>";
		};
		49F3C89B2386D5700095BC6F = {
			isa = PBXGroup;
			children = (
				49F3C8A62386D5700095BC6F /* Classroom Touch */,
				49AAFD2223914AA900082114 /* Classroom TouchTests */,
				49F3C8A52386D5700095BC6F /* Products */,
			);
			sourceTree = "<group>";
		};
		49F3C8A52386D5700095BC6F /* Products */ = {
			isa = PBXGroup;
			children = (
				49F3C8A42386D5700095BC6F /* Classroom Touch.app */,
				49AAFD2123914AA900082114 /* Classroom TouchTests.xctest */,
			);
			name = Products;
			sourceTree = "<group>";
		};
		49F3C8A62386D5700095BC6F /* Classroom Touch */ = {
			isa = PBXGroup;
			children = (
				49F3C8A72386D5700095BC6F /* AppDelegate.swift */,
				49F3C8A92386D5700095BC6F /* ViewController.swift */,
				49F3C8AB2386D5710095BC6F /* Assets.xcassets */,
				49F3C8AD2386D5710095BC6F /* Main.storyboard */,
				49F3C8B72386D96F0095BC6F /* WindowController.swift */,
				49F3C8B02386D5710095BC6F /* Info.plist */,
				49F3C8B12386D5710095BC6F /* Classroom_Touch.entitlements */,
				49AAFD1B239143E000082114 /* SwipeView.swift */,
			);
			path = "Classroom Touch";
			sourceTree = "<group>";
		};
/* End PBXGroup section */

/* Begin PBXNativeTarget section */
		49AAFD2023914AA900082114 /* Classroom TouchTests */ = {
			isa = PBXNativeTarget;
			buildConfigurationList = 49AAFD2823914AA900082114 /* Build configuration list for PBXNativeTarget "Classroom TouchTests" */;
			buildPhases = (
				49AAFD1D23914AA900082114 /* Sources */,
				49AAFD1E23914AA900082114 /* Frameworks */,
				49AAFD1F23914AA900082114 /* Resources */,
			);
			buildRules = (
			);
			dependencies = (
				49AAFD2723914AA900082114 /* PBXTargetDependency */,
			);
			name = "Classroom TouchTests";
			productName = "Classroom TouchTests";
			productReference = 49AAFD2123914AA900082114 /* Classroom TouchTests.xctest */;
			productType = "com.apple.product-type.bundle.unit-test";
		};
		49F3C8A32386D5700095BC6F /* Classroom Touch */ = {
			isa = PBXNativeTarget;
			buildConfigurationList = 49F3C8B42386D5710095BC6F /* Build configuration list for PBXNativeTarget "Classroom Touch" */;
			buildPhases = (
				49F3C8A02386D5700095BC6F /* Sources */,
				49F3C8A12386D5700095BC6F /* Frameworks */,
				49F3C8A22386D5700095BC6F /* Resources */,
			);
			buildRules = (
			);
			dependencies = (
			);
			name = "Classroom Touch";
			productName = "Classroom Touch";
			productReference = 49F3C8A42386D5700095BC6F /* Classroom Touch.app */;
			productType = "com.apple.product-type.application";
		};
/* End PBXNativeTarget section */

/* Begin PBXProject section */
		49F3C89C2386D5700095BC6F /* Project object */ = {
			isa = PBXProject;
			attributes = {
				LastSwiftUpdateCheck = 1120;
				LastUpgradeCheck = 1100;
				ORGANIZATIONNAME = Zilverline;
				TargetAttributes = {
					49AAFD2023914AA900082114 = {
						CreatedOnToolsVersion = 11.2.1;
						TestTargetID = 49F3C8A32386D5700095BC6F;
					};
					49F3C8A32386D5700095BC6F = {
						CreatedOnToolsVersion = 11.0;
					};
				};
			};
			buildConfigurationList = 49F3C89F2386D5700095BC6F /* Build configuration list for PBXProject "Classroom Touch" */;
			compatibilityVersion = "Xcode 9.3";
			developmentRegion = en;
			hasScannedForEncodings = 0;
			knownRegions = (
				en,
				Base,
			);
			mainGroup = 49F3C89B2386D5700095BC6F;
			productRefGroup = 49F3C8A52386D5700095BC6F /* Products */;
			projectDirPath = "";
			projectRoot = "";
			targets = (
				49F3C8A32386D5700095BC6F /* Classroom Touch */,
				49AAFD2023914AA900082114 /* Classroom TouchTests */,
			);
		};
/* End PBXProject section */

/* Begin PBXResourcesBuildPhase section */
		49AAFD1F23914AA900082114 /* Resources */ = {
			isa = PBXResourcesBuildPhase;
			buildActionMask = 2147483647;
			files = (
			);
			runOnlyForDeploymentPostprocessing = 0;
		};
		49F3C8A22386D5700095BC6F /* Resources */ = {
			isa = PBXResourcesBuildPhase;
			buildActionMask = 2147483647;
			files = (
				49F3C8AC2386D5710095BC6F /* Assets.xcassets in Resources */,
				49F3C8AF2386D5710095BC6F /* Main.storyboard in Resources */,
			);
			runOnlyForDeploymentPostprocessing = 0;
		};
/* End PBXResourcesBuildPhase section */

/* Begin PBXSourcesBuildPhase section */
		49AAFD1D23914AA900082114 /* Sources */ = {
			isa = PBXSourcesBuildPhase;
			buildActionMask = 2147483647;
			files = (
				49AAFD2423914AA900082114 /* Classroom_TouchTests.swift in Sources */,
			);
			runOnlyForDeploymentPostprocessing = 0;
		};
		49F3C8A02386D5700095BC6F /* Sources */ = {
			isa = PBXSourcesBuildPhase;
			buildActionMask = 2147483647;
			files = (
				49F3C8AA2386D5700095BC6F /* ViewController.swift in Sources */,
				49F3C8B82386D96F0095BC6F /* WindowController.swift in Sources */,
				49F3C8A82386D5700095BC6F /* AppDelegate.swift in Sources */,
				49AAFD1C239143E000082114 /* SwipeView.swift in Sources */,
			);
			runOnlyForDeploymentPostprocessing = 0;
		};
/* End PBXSourcesBuildPhase section */

/* Begin PBXTargetDependency section */
		49AAFD2723914AA900082114 /* PBXTargetDependency */ = {
			isa = PBXTargetDependency;
			target = 49F3C8A32386D5700095BC6F /* Classroom Touch */;
			targetProxy = 49AAFD2623914AA900082114 /* PBXContainerItemProxy */;
		};
/* End PBXTargetDependency section */

/* Begin PBXVariantGroup section */
		49F3C8AD2386D5710095BC6F /* Main.storyboard */ = {
			isa = PBXVariantGroup;
			children = (
				49F3C8AE2386D5710095BC6F /* Base */,
			);
			name = Main.storyboard;
			sourceTree = "<group>";
		};
/* End PBXVariantGroup section */

/* Begin XCBuildConfiguration section */
		49AAFD2923914AA900082114 /* Debug */ = {
			isa = XCBuildConfiguration;
			buildSettings = {
				BUNDLE_LOADER = "$(TEST_HOST)";
				CODE_SIGN_STYLE = Automatic;
				COMBINE_HIDPI_IMAGES = YES;
				DEVELOPMENT_TEAM = 6MWBEMLK39;
				INFOPLIST_FILE = "Classroom TouchTests/Info.plist";
				LD_RUNPATH_SEARCH_PATHS = (
					"$(inherited)",
					"@executable_path/../Frameworks",
					"@loader_path/../Frameworks",
				);
				MACOSX_DEPLOYMENT_TARGET = 10.15;
				PRODUCT_BUNDLE_IDENTIFIER = "com.zilverline.mac.Classroom-TouchTests";
				PRODUCT_NAME = "$(TARGET_NAME)";
				SWIFT_VERSION = 5.0;
				TEST_HOST = "$(BUILT_PRODUCTS_DIR)/Classroom Touch.app/Contents/MacOS/Classroom Touch";
			};
			name = Debug;
		};
		49AAFD2A23914AA900082114 /* Release */ = {
			isa = XCBuildConfiguration;
			buildSettings = {
				BUNDLE_LOADER = "$(TEST_HOST)";
				CODE_SIGN_STYLE = Automatic;
				COMBINE_HIDPI_IMAGES = YES;
				DEVELOPMENT_TEAM = 6MWBEMLK39;
				INFOPLIST_FILE = "Classroom TouchTests/Info.plist";
				LD_RUNPATH_SEARCH_PATHS = (
					"$(inherited)",
					"@executable_path/../Frameworks",
					"@loader_path/../Frameworks",
				);
				MACOSX_DEPLOYMENT_TARGET = 10.15;
				PRODUCT_BUNDLE_IDENTIFIER = "com.zilverline.mac.Classroom-TouchTests";
				PRODUCT_NAME = "$(TARGET_NAME)";
				SWIFT_VERSION = 5.0;
				TEST_HOST = "$(BUILT_PRODUCTS_DIR)/Classroom Touch.app/Contents/MacOS/Classroom Touch";
			};
			name = Release;
		};
		49F3C8B22386D5710095BC6F /* Debug */ = {
			isa = XCBuildConfiguration;
			buildSettings = {
				ALWAYS_SEARCH_USER_PATHS = NO;
				CLANG_ANALYZER_NONNULL = YES;
				CLANG_ANALYZER_NUMBER_OBJECT_CONVERSION = YES_AGGRESSIVE;
				CLANG_CXX_LANGUAGE_STANDARD = "gnu++14";
				CLANG_CXX_LIBRARY = "libc++";
				CLANG_ENABLE_MODULES = YES;
				CLANG_ENABLE_OBJC_ARC = YES;
				CLANG_ENABLE_OBJC_WEAK = YES;
				CLANG_WARN_BLOCK_CAPTURE_AUTORELEASING = YES;
				CLANG_WARN_BOOL_CONVERSION = YES;
				CLANG_WARN_COMMA = YES;
				CLANG_WARN_CONSTANT_CONVERSION = YES;
				CLANG_WARN_DEPRECATED_OBJC_IMPLEMENTATIONS = YES;
				CLANG_WARN_DIRECT_OBJC_ISA_USAGE = YES_ERROR;
				CLANG_WARN_DOCUMENTATION_COMMENTS = YES;
				CLANG_WARN_EMPTY_BODY = YES;
				CLANG_WARN_ENUM_CONVERSION = YES;
				CLANG_WARN_INFINITE_RECURSION = YES;
				CLANG_WARN_INT_CONVERSION = YES;
				CLANG_WARN_NON_LITERAL_NULL_CONVERSION = YES;
				CLANG_WARN_OBJC_IMPLICIT_RETAIN_SELF = YES;
				CLANG_WARN_OBJC_LITERAL_CONVERSION = YES;
				CLANG_WARN_OBJC_ROOT_CLASS = YES_ERROR;
				CLANG_WARN_RANGE_LOOP_ANALYSIS = YES;
				CLANG_WARN_STRICT_PROTOTYPES = YES;
				CLANG_WARN_SUSPICIOUS_MOVE = YES;
				CLANG_WARN_UNGUARDED_AVAILABILITY = YES_AGGRESSIVE;
				CLANG_WARN_UNREACHABLE_CODE = YES;
				CLANG_WARN__DUPLICATE_METHOD_MATCH = YES;
				COPY_PHASE_STRIP = NO;
				DEBUG_INFORMATION_FORMAT = dwarf;
				ENABLE_STRICT_OBJC_MSGSEND = YES;
				ENABLE_TESTABILITY = YES;
				GCC_C_LANGUAGE_STANDARD = gnu11;
				GCC_DYNAMIC_NO_PIC = NO;
				GCC_NO_COMMON_BLOCKS = YES;
				GCC_OPTIMIZATION_LEVEL = 0;
				GCC_PREPROCESSOR_DEFINITIONS = (
					"DEBUG=1",
					"$(inherited)",
				);
				GCC_WARN_64_TO_32_BIT_CONVERSION = YES;
				GCC_WARN_ABOUT_RETURN_TYPE = YES_ERROR;
				GCC_WARN_UNDECLARED_SELECTOR = YES;
				GCC_WARN_UNINITIALIZED_AUTOS = YES_AGGRESSIVE;
				GCC_WARN_UNUSED_FUNCTION = YES;
				GCC_WARN_UNUSED_VARIABLE = YES;
				MACOSX_DEPLOYMENT_TARGET = 10.14;
				MTL_ENABLE_DEBUG_INFO = INCLUDE_SOURCE;
				MTL_FAST_MATH = YES;
				ONLY_ACTIVE_ARCH = YES;
				SDKROOT = macosx;
				SWIFT_ACTIVE_COMPILATION_CONDITIONS = DEBUG;
				SWIFT_OPTIMIZATION_LEVEL = "-Onone";
			};
			name = Debug;
		};
		49F3C8B32386D5710095BC6F /* Release */ = {
			isa = XCBuildConfiguration;
			buildSettings = {
				ALWAYS_SEARCH_USER_PATHS = NO;
				CLANG_ANALYZER_NONNULL = YES;
				CLANG_ANALYZER_NUMBER_OBJECT_CONVERSION = YES_AGGRESSIVE;
				CLANG_CXX_LANGUAGE_STANDARD = "gnu++14";
				CLANG_CXX_LIBRARY = "libc++";
				CLANG_ENABLE_MODULES = YES;
				CLANG_ENABLE_OBJC_ARC = YES;
				CLANG_ENABLE_OBJC_WEAK = YES;
				CLANG_WARN_BLOCK_CAPTURE_AUTORELEASING = YES;
				CLANG_WARN_BOOL_CONVERSION = YES;
				CLANG_WARN_COMMA = YES;
				CLANG_WARN_CONSTANT_CONVERSION = YES;
				CLANG_WARN_DEPRECATED_OBJC_IMPLEMENTATIONS = YES;
				CLANG_WARN_DIRECT_OBJC_ISA_USAGE = YES_ERROR;
				CLANG_WARN_DOCUMENTATION_COMMENTS = YES;
				CLANG_WARN_EMPTY_BODY = YES;
				CLANG_WARN_ENUM_CONVERSION = YES;
				CLANG_WARN_INFINITE_RECURSION = YES;
				CLANG_WARN_INT_CONVERSION = YES;
				CLANG_WARN_NON_LITERAL_NULL_CONVERSION = YES;
				CLANG_WARN_OBJC_IMPLICIT_RETAIN_SELF = YES;
				CLANG_WARN_OBJC_LITERAL_CONVERSION = YES;
				CLANG_WARN_OBJC_ROOT_CLASS = YES_ERROR;
				CLANG_WARN_RANGE_LOOP_ANALYSIS = YES;
				CLANG_WARN_STRICT_PROTOTYPES = YES;
				CLANG_WARN_SUSPICIOUS_MOVE = YES;
				CLANG_WARN_UNGUARDED_AVAILABILITY = YES_AGGRESSIVE;
				CLANG_WARN_UNREACHABLE_CODE = YES;
				CLANG_WARN__DUPLICATE_METHOD_MATCH = YES;
				COPY_PHASE_STRIP = NO;
				DEBUG_INFORMATION_FORMAT = "dwarf-with-dsym";
				ENABLE_NS_ASSERTIONS = NO;
				ENABLE_STRICT_OBJC_MSGSEND = YES;
				GCC_C_LANGUAGE_STANDARD = gnu11;
				GCC_NO_COMMON_BLOCKS = YES;
				GCC_WARN_64_TO_32_BIT_CONVERSION = YES;
				GCC_WARN_ABOUT_RETURN_TYPE = YES_ERROR;
				GCC_WARN_UNDECLARED_SELECTOR = YES;
				GCC_WARN_UNINITIALIZED_AUTOS = YES_AGGRESSIVE;
				GCC_WARN_UNUSED_FUNCTION = YES;
				GCC_WARN_UNUSED_VARIABLE = YES;
				MACOSX_DEPLOYMENT_TARGET = 10.14;
				MTL_ENABLE_DEBUG_INFO = NO;
				MTL_FAST_MATH = YES;
				SDKROOT = macosx;
				SWIFT_COMPILATION_MODE = wholemodule;
				SWIFT_OPTIMIZATION_LEVEL = "-O";
			};
			name = Release;
		};
		49F3C8B52386D5710095BC6F /* Debug */ = {
			isa = XCBuildConfiguration;
			buildSettings = {
				ASSETCATALOG_COMPILER_APPICON_NAME = AppIcon;
				CODE_SIGN_ENTITLEMENTS = "Classroom Touch/Classroom_Touch.entitlements";
				CODE_SIGN_STYLE = Automatic;
				COMBINE_HIDPI_IMAGES = YES;
				DEVELOPMENT_TEAM = 6MWBEMLK39;
				ENABLE_HARDENED_RUNTIME = YES;
				INFOPLIST_FILE = "Classroom Touch/Info.plist";
				LD_RUNPATH_SEARCH_PATHS = (
					"$(inherited)",
					"@executable_path/../Frameworks",
				);
				MACOSX_DEPLOYMENT_TARGET = 10.12.2;
				PRODUCT_BUNDLE_IDENTIFIER = "com.zilverline.mac.Classroom-Touch";
				PRODUCT_NAME = "$(TARGET_NAME)";
				SWIFT_VERSION = 5.0;
			};
			name = Debug;
		};
		49F3C8B62386D5710095BC6F /* Release */ = {
			isa = XCBuildConfiguration;
			buildSettings = {
				ASSETCATALOG_COMPILER_APPICON_NAME = AppIcon;
				CODE_SIGN_ENTITLEMENTS = "Classroom Touch/Classroom_Touch.entitlements";
				CODE_SIGN_STYLE = Automatic;
				COMBINE_HIDPI_IMAGES = YES;
				DEVELOPMENT_TEAM = 6MWBEMLK39;
				ENABLE_HARDENED_RUNTIME = YES;
				INFOPLIST_FILE = "Classroom Touch/Info.plist";
				LD_RUNPATH_SEARCH_PATHS = (
					"$(inherited)",
					"@executable_path/../Frameworks",
				);
				MACOSX_DEPLOYMENT_TARGET = 10.12.2;
				PRODUCT_BUNDLE_IDENTIFIER = "com.zilverline.mac.Classroom-Touch";
				PRODUCT_NAME = "$(TARGET_NAME)";
				SWIFT_VERSION = 5.0;
			};
			name = Release;
		};
/* End XCBuildConfiguration section */

/* Begin XCConfigurationList section */
		49AAFD2823914AA900082114 /* Build configuration list for PBXNativeTarget "Classroom TouchTests" */ = {
			isa = XCConfigurationList;
			buildConfigurations = (
				49AAFD2923914AA900082114 /* Debug */,
				49AAFD2A23914AA900082114 /* Release */,
			);
			defaultConfigurationIsVisible = 0;
			defaultConfigurationName = Release;
		};
		49F3C89F2386D5700095BC6F /* Build configuration list for PBXProject "Classroom Touch" */ = {
			isa = XCConfigurationList;
			buildConfigurations = (
				49F3C8B22386D5710095BC6F /* Debug */,
				49F3C8B32386D5710095BC6F /* Release */,
			);
			defaultConfigurationIsVisible = 0;
			defaultConfigurationName = Release;
		};
		49F3C8B42386D5710095BC6F /* Build configuration list for PBXNativeTarget "Classroom Touch" */ = {
			isa = XCConfigurationList;
			buildConfigurations = (
				49F3C8B52386D5710095BC6F /* Debug */,
				49F3C8B62386D5710095BC6F /* Release */,
			);
			defaultConfigurationIsVisible = 0;
			defaultConfigurationName = Release;
		};
/* End XCConfigurationList section */
	};
	rootObject = 49F3C89C2386D5700095BC6F /* Project object */;
}
